github.com/dlclark/regexp2/v2 v2.5.2 h1:HAsucWRhsqcDzl6Ua9aR8JwYOTzrZyPrF0/FNxJVAI0=
github.com/dlclark/regexp2/v2 v2.5.2/go.mod h1:avUrQvPaLz2DrFNHJF0taWAFFX2C1GMSSoeiqFjcBmU=
github.com/neurosnap/sentences v1.0.6 h1:iBVUivNtlwGkYsJblWV8GGVFmXzZzak907Ci8aA0VTE=
github.com/neurosnap/sentences v1.0.6/go.mod h1:pg1IapvYpWCJJm/Etxeh0+gtMf1rI1STY9S7eUCPbDc=
gopkg.in/neurosnap/sentences.v1 v1.0.6 h1:v7ElyP020iEZQONyLld3fHILHWOPs+ntzuQTNPkul8E=
gopkg.in/neurosnap/sentences.v1 v1.0.6/go.mod h1:YlK+SN+fLQZj+kY3r8DkGDhDr91+S3JmTb5LSxFRQo0=
