github.com/davecgh/go-spew v1.1.0 h1:ZDRjVQ15GmhC3fiQ8ni8+OwkZQO4DARzQgrnXU1Liz8=
github.com/davecgh/go-spew v1.1.0/go.mod h1:J7Y8YcW2NihsgmVo/mv3lAwl/skON4iLHjSsI+c5H38=
github.com/deckarep/golang-set v1.7.1 h1:SCQV0S6gTtp6itiFrTqI+pfmJ4LN85S1YzhDf9rTHJQ=
github.com/deckarep/golang-set v1.7.1/go.mod h1:93vsz/8Wt4joVM7c2AVqh+YRMiUSc14yDtF28KmMOgQ=
github.com/mingrammer/commonregex v1.0.0 h1:0nTEyFI+CKWog0IWbyP8jFwgdd+JZ30UYfYce/lG/9w=
github.com/mingrammer/commonregex v1.0.0/go.mod h1:GQen+jIfhWmXmDCzNk4ucLO8VUMxJO5QPWZ2RPwrS3A=
github.com/montanaflynn/stats v0.5.0 h1:2EkzeTSqBB4V4bJwWrt5gIIrZmpJBcoIRGS2kWLgzmk=
github.com/montanaflynn/stats v0.5.0/go.mod h1:wL8QJuTMNUDYhXwkmfOly8iTdp5TEcJFWZD2D7SIkUc=
github.com/pmezard/go-difflib v1.0.0 h1:4DBwDE0NGyQoBHbLQYPwSUPoCMWR5BEzIk/f1lZbAQM=
github.com/pmezard/go-difflib v1.0.0/go.mod h1:iKH77koFhYxTK1pcRnkKkqfTogsbg7gZNVY4sRDYZ/4=
github.com/stretchr/objx v0.1.0/go.mod h1:HFkY916IF+rwdDfMAkV7OtwuqBVzrE8GR6GFx+wExME=
github.com/stretchr/testify v1.3.0 h1:TivCn/peBQ7UY8ooIcPgZFpTNSz0Q2U6UrFlUfqbe0Q=
github.com/stretchr/testify v1.3.0/go.mod h1:M5WIy9Dh21IEIfnGCwXGc5bZfKNJtfHm1UVUgZn+9EI=
golang.org/x/exp v0.0.0-20190125153040-c74c464bbbf2/go.mod h1:CJ0aWSM057203Lf6IL+f9T1iT9GByDxfZKAQTCR3kQA=
golang.org/x/tools v0.0.0-20190206041539-40960b6deb8e/go.mod h1:n7NCudcB/nEzxVGmLbDWY5pfWTLqBcC2KZ6jyYvM4mQ=
gonum.org/v1/gonum v0.0.0-20190502212712-4a2eb0188cbc h1:+c7TChc7Bi9WFPyWzDxu8mnEhA29YW/0NBDy4V24exU=
gonum.org/v1/gonum v0.0.0-20190502212712-4a2eb0188cbc/go.mod h1:2ltnJ7xHfj0zHS40VVPYEAAMTa3ZGguvHGBSJeRWqE0=
gonum.org/v1/netlib v0.0.0-20190313105609-8cb42192e0e0/go.mod h1:wa6Ws7BG/ESfp6dHfk7C6KdzKA7wR7u/rKwOGE66zvw=
gopkg.in/neurosnap/sentences.v1 v1.0.6 h1:v7ElyP020iEZQONyLld3fHILHWOPs+ntzuQTNPkul8E=
gopkg.in/neurosnap/sentences.v1 v1.0.6/go.mod h1:YlK+SN+fLQZj+kY3r8DkGDhDr91+S3JmTb5LSxFRQo0=
